
Microsoft Visual Studio Solution File, Format Version 12.00
# Visual Studio Version 16
VisualStudioVersion = 16.0.28729.10
MinimumVisualStudioVersion = 10.0.40219.1
Project("{9A19103F-16F7-4668-BE54-9A1E7A4F7556}") = "Chess", "Chess\Chess.csproj", "{44D2509D-D267-4416-92FB-FDE8381A3F46}"
EndProject
Project("{9A19103F-16F7-4668-BE54-9A1E7A4F7556}") = "Chess.Test", "Chess.Test\Chess.Test.csproj", "{45A5E2D9-97E5-49FA-8066-9FEA4609A312}"
EndProject
Project("{9A19103F-16F7-4668-BE54-9A1E7A4F7556}") = "Chess.Benchmark", "Chess.Benchmark\Chess.Benchmark.csproj", "{BF9E9B6E-947E-40E3-956F-AE6A82D5C237}"
EndProject
Project("{9A19103F-16F7-4668-BE54-9A1E7A4F7556}") = "Chess.Perft", "Chess.Perft\Chess.Perft.csproj", "{F253BA49-993B-4119-8226-A6C6DF0B556D}"
EndProject
Project("{9A19103F-16F7-4668-BE54-9A1E7A4F7556}") = "Chess.Perft.Interfaces", "Chess.Perft.Interfaces\Chess.Perft.Interfaces.csproj", "{4AD06BC1-F944-41E8-AAF8-3AA02642E18C}"
EndProject
Project("{FAE04EC0-301F-11D3-BF4B-00C04F79EFBC}") = "Perft", "Perft\Perft.csproj", "{8BE6ADD1-7347-412E-B974-02C5866E59A4}"
EndProject
Global
	GlobalSection(SolutionConfigurationPlatforms) = preSolution
		Debug|Any CPU = Debug|Any CPU
		Debug|x64 = Debug|x64
		Release|Any CPU = Release|Any CPU
		Release|x64 = Release|x64
	EndGlobalSection
	GlobalSection(ProjectConfigurationPlatforms) = postSolution
		{44D2509D-D267-4416-92FB-FDE8381A3F46}.Debug|Any CPU.ActiveCfg = Debug|Any CPU
		{44D2509D-D267-4416-92FB-FDE8381A3F46}.Debug|Any CPU.Build.0 = Debug|Any CPU
		{44D2509D-D267-4416-92FB-FDE8381A3F46}.Debug|x64.ActiveCfg = Debug|x64
		{44D2509D-D267-4416-92FB-FDE8381A3F46}.Debug|x64.Build.0 = Debug|x64
		{44D2509D-D267-4416-92FB-FDE8381A3F46}.Release|Any CPU.ActiveCfg = Release|Any CPU
		{44D2509D-D267-4416-92FB-FDE8381A3F46}.Release|Any CPU.Build.0 = Release|Any CPU
		{44D2509D-D267-4416-92FB-FDE8381A3F46}.Release|x64.ActiveCfg = Release|x64
		{44D2509D-D267-4416-92FB-FDE8381A3F46}.Release|x64.Build.0 = Release|x64
		{45A5E2D9-97E5-49FA-8066-9FEA4609A312}.Debug|Any CPU.ActiveCfg = Debug|Any CPU
		{45A5E2D9-97E5-49FA-8066-9FEA4609A312}.Debug|Any CPU.Build.0 = Debug|Any CPU
		{45A5E2D9-97E5-49FA-8066-9FEA4609A312}.Debug|x64.ActiveCfg = Debug|Any CPU
		{45A5E2D9-97E5-49FA-8066-9FEA4609A312}.Debug|x64.Build.0 = Debug|Any CPU
		{45A5E2D9-97E5-49FA-8066-9FEA4609A312}.Release|Any CPU.ActiveCfg = Release|Any CPU
		{45A5E2D9-97E5-49FA-8066-9FEA4609A312}.Release|Any CPU.Build.0 = Release|Any CPU
		{45A5E2D9-97E5-49FA-8066-9FEA4609A312}.Release|x64.ActiveCfg = Release|Any CPU
		{45A5E2D9-97E5-49FA-8066-9FEA4609A312}.Release|x64.Build.0 = Release|Any CPU
		{BF9E9B6E-947E-40E3-956F-AE6A82D5C237}.Debug|Any CPU.ActiveCfg = Debug|Any CPU
		{BF9E9B6E-947E-40E3-956F-AE6A82D5C237}.Debug|Any CPU.Build.0 = Debug|Any CPU
		{BF9E9B6E-947E-40E3-956F-AE6A82D5C237}.Debug|x64.ActiveCfg = Debug|x64
		{BF9E9B6E-947E-40E3-956F-AE6A82D5C237}.Debug|x64.Build.0 = Debug|x64
		{BF9E9B6E-947E-40E3-956F-AE6A82D5C237}.Release|Any CPU.ActiveCfg = Release|Any CPU
		{BF9E9B6E-947E-40E3-956F-AE6A82D5C237}.Release|Any CPU.Build.0 = Release|Any CPU
		{BF9E9B6E-947E-40E3-956F-AE6A82D5C237}.Release|x64.ActiveCfg = Release|x64
		{BF9E9B6E-947E-40E3-956F-AE6A82D5C237}.Release|x64.Build.0 = Release|x64
		{F253BA49-993B-4119-8226-A6C6DF0B556D}.Debug|Any CPU.ActiveCfg = Debug|Any CPU
		{F253BA49-993B-4119-8226-A6C6DF0B556D}.Debug|Any CPU.Build.0 = Debug|Any CPU
		{F253BA49-993B-4119-8226-A6C6DF0B556D}.Debug|x64.ActiveCfg = Debug|Any CPU
		{F253BA49-993B-4119-8226-A6C6DF0B556D}.Debug|x64.Build.0 = Debug|Any CPU
		{F253BA49-993B-4119-8226-A6C6DF0B556D}.Release|Any CPU.ActiveCfg = Release|Any CPU
		{F253BA49-993B-4119-8226-A6C6DF0B556D}.Release|Any CPU.Build.0 = Release|Any CPU
		{F253BA49-993B-4119-8226-A6C6DF0B556D}.Release|x64.ActiveCfg = Release|Any CPU
		{F253BA49-993B-4119-8226-A6C6DF0B556D}.Release|x64.Build.0 = Release|Any CPU
		{4AD06BC1-F944-41E8-AAF8-3AA02642E18C}.Debug|Any CPU.ActiveCfg = Debug|Any CPU
		{4AD06BC1-F944-41E8-AAF8-3AA02642E18C}.Debug|Any CPU.Build.0 = Debug|Any CPU
		{4AD06BC1-F944-41E8-AAF8-3AA02642E18C}.Debug|x64.ActiveCfg = Debug|Any CPU
		{4AD06BC1-F944-41E8-AAF8-3AA02642E18C}.Debug|x64.Build.0 = Debug|Any CPU
		{4AD06BC1-F944-41E8-AAF8-3AA02642E18C}.Release|Any CPU.ActiveCfg = Release|Any CPU
		{4AD06BC1-F944-41E8-AAF8-3AA02642E18C}.Release|Any CPU.Build.0 = Release|Any CPU
		{4AD06BC1-F944-41E8-AAF8-3AA02642E18C}.Release|x64.ActiveCfg = Release|Any CPU
		{4AD06BC1-F944-41E8-AAF8-3AA02642E18C}.Release|x64.Build.0 = Release|Any CPU
		{8BE6ADD1-7347-412E-B974-02C5866E59A4}.Debug|Any CPU.ActiveCfg = Debug|Any CPU
		{8BE6ADD1-7347-412E-B974-02C5866E59A4}.Debug|Any CPU.Build.0 = Debug|Any CPU
		{8BE6ADD1-7347-412E-B974-02C5866E59A4}.Debug|x64.ActiveCfg = Debug|Any CPU
		{8BE6ADD1-7347-412E-B974-02C5866E59A4}.Debug|x64.Build.0 = Debug|Any CPU
		{8BE6ADD1-7347-412E-B974-02C5866E59A4}.Release|Any CPU.ActiveCfg = Release|Any CPU
		{8BE6ADD1-7347-412E-B974-02C5866E59A4}.Release|Any CPU.Build.0 = Release|Any CPU
		{8BE6ADD1-7347-412E-B974-02C5866E59A4}.Release|x64.ActiveCfg = Release|Any CPU
		{8BE6ADD1-7347-412E-B974-02C5866E59A4}.Release|x64.Build.0 = Release|Any CPU
	EndGlobalSection
	GlobalSection(SolutionProperties) = preSolution
		HideSolutionNode = FALSE
	EndGlobalSection
	GlobalSection(ExtensibilityGlobals) = postSolution
		SolutionGuid = {0B507B2E-EC45-4DDA-94DD-B7CD5A2B8CF3}
	EndGlobalSection
EndGlobal
