
Microsoft Visual Studio Solution File, Format Version 12.00
# Visual Studio Version 17
VisualStudioVersion = 17.0.32112.339
MinimumVisualStudioVersion = 10.0.40219.1
Project("{9A19103F-16F7-4668-BE54-9A1E7A4F7556}") = "Rudzoft.ChessLib", "src\Rudzoft.ChessLib\Rudzoft.ChessLib.csproj", "{44D2509D-D267-4416-92FB-FDE8381A3F46}"
EndProject
Project("{9A19103F-16F7-4668-BE54-9A1E7A4F7556}") = "Rudzoft.ChessLib.Test", "src\Rudzoft.ChessLib.Test\Rudzoft.ChessLib.Test.csproj", "{45A5E2D9-97E5-49FA-8066-9FEA4609A312}"
EndProject
Project("{9A19103F-16F7-4668-BE54-9A1E7A4F7556}") = "Rudzoft.ChessLib.Benchmark", "src\Rudzoft.ChessLib.Benchmark\Rudzoft.ChessLib.Benchmark.csproj", "{BF9E9B6E-947E-40E3-956F-AE6A82D5C237}"
EndProject
Project("{9A19103F-16F7-4668-BE54-9A1E7A4F7556}") = "Rudzoft.ChessLib.Perft", "src\Rudzoft.ChessLib.Perft\Rudzoft.ChessLib.Perft.csproj", "{F253BA49-993B-4119-8226-A6C6DF0B556D}"
EndProject
Project("{9A19103F-16F7-4668-BE54-9A1E7A4F7556}") = "Rudzoft.ChessLib.Perft.Interfaces", "src\Rudzoft.ChessLib.Perft.Interfaces\Rudzoft.ChessLib.Perft.Interfaces.csproj", "{4AD06BC1-F944-41E8-AAF8-3AA02642E18C}"
EndProject
Project("{9A19103F-16F7-4668-BE54-9A1E7A4F7556}") = "Rudzoft.Perft", "src\Rudzoft.Perft\Rudzoft.Perft.csproj", "{8BE6ADD1-7347-412E-B974-02C5866E59A4}"
EndProject
Project("{9A19103F-16F7-4668-BE54-9A1E7A4F7556}") = "Rudzoft.Perft.Framework", "src\Rudzoft.Perft.Framework\Rudzoft.Perft.Framework.csproj", "{55E449CF-B5AB-4405-8B64-2F1AB1346D90}"
EndProject
Project("{9A19103F-16F7-4668-BE54-9A1E7A4F7556}") = "Rudzoft.ChessLib.WebApi", "src\Rudzoft.ChessLib.WebApi\Rudzoft.ChessLib.WebApi.csproj", "{CFC3DABB-CC74-4B7E-A434-B0F3DD621DE8}"
EndProject
Project("{2150E333-8FDC-42A3-9474-1A3956D46DE8}") = "chess-lib", "chess-lib", "{9F0623CB-4463-40FE-874F-4A18D1871A91}"
EndProject
Project("{2150E333-8FDC-42A3-9474-1A3956D46DE8}") = "perft", "perft", "{96596E23-0DAC-46B7-AEE2-24F55C837AFF}"
EndProject
Project("{2150E333-8FDC-42A3-9474-1A3956D46DE8}") = "web-api", "web-api", "{F82A6A7E-4551-4667-9E0A-57036E1B5117}"
EndProject
Global
	GlobalSection(SolutionConfigurationPlatforms) = preSolution
		Debug|Any CPU = Debug|Any CPU
		Debug|x64 = Debug|x64
		Release|Any CPU = Release|Any CPU
		Release|x64 = Release|x64
	EndGlobalSection
	GlobalSection(ProjectConfigurationPlatforms) = postSolution
		{44D2509D-D267-4416-92FB-FDE8381A3F46}.Debug|Any CPU.ActiveCfg = Debug|Any CPU
		{44D2509D-D267-4416-92FB-FDE8381A3F46}.Debug|Any CPU.Build.0 = Debug|Any CPU
		{44D2509D-D267-4416-92FB-FDE8381A3F46}.Debug|x64.ActiveCfg = Debug|x64
		{44D2509D-D267-4416-92FB-FDE8381A3F46}.Debug|x64.Build.0 = Debug|x64
		{44D2509D-D267-4416-92FB-FDE8381A3F46}.Release|Any CPU.ActiveCfg = Release|Any CPU
		{44D2509D-D267-4416-92FB-FDE8381A3F46}.Release|Any CPU.Build.0 = Release|Any CPU
		{44D2509D-D267-4416-92FB-FDE8381A3F46}.Release|x64.ActiveCfg = Release|x64
		{44D2509D-D267-4416-92FB-FDE8381A3F46}.Release|x64.Build.0 = Release|x64
		{45A5E2D9-97E5-49FA-8066-9FEA4609A312}.Debug|Any CPU.ActiveCfg = Debug|Any CPU
		{45A5E2D9-97E5-49FA-8066-9FEA4609A312}.Debug|Any CPU.Build.0 = Debug|Any CPU
		{45A5E2D9-97E5-49FA-8066-9FEA4609A312}.Debug|x64.ActiveCfg = Debug|Any CPU
		{45A5E2D9-97E5-49FA-8066-9FEA4609A312}.Debug|x64.Build.0 = Debug|Any CPU
		{45A5E2D9-97E5-49FA-8066-9FEA4609A312}.Release|Any CPU.ActiveCfg = Release|Any CPU
		{45A5E2D9-97E5-49FA-8066-9FEA4609A312}.Release|Any CPU.Build.0 = Release|Any CPU
		{45A5E2D9-97E5-49FA-8066-9FEA4609A312}.Release|x64.ActiveCfg = Release|Any CPU
		{45A5E2D9-97E5-49FA-8066-9FEA4609A312}.Release|x64.Build.0 = Release|Any CPU
		{BF9E9B6E-947E-40E3-956F-AE6A82D5C237}.Debug|Any CPU.ActiveCfg = Debug|Any CPU
		{BF9E9B6E-947E-40E3-956F-AE6A82D5C237}.Debug|Any CPU.Build.0 = Debug|Any CPU
		{BF9E9B6E-947E-40E3-956F-AE6A82D5C237}.Debug|x64.ActiveCfg = Debug|x64
		{BF9E9B6E-947E-40E3-956F-AE6A82D5C237}.Debug|x64.Build.0 = Debug|x64
		{BF9E9B6E-947E-40E3-956F-AE6A82D5C237}.Release|Any CPU.ActiveCfg = Release|Any CPU
		{BF9E9B6E-947E-40E3-956F-AE6A82D5C237}.Release|Any CPU.Build.0 = Release|Any CPU
		{BF9E9B6E-947E-40E3-956F-AE6A82D5C237}.Release|x64.ActiveCfg = Release|x64
		{BF9E9B6E-947E-40E3-956F-AE6A82D5C237}.Release|x64.Build.0 = Release|x64
		{F253BA49-993B-4119-8226-A6C6DF0B556D}.Debug|Any CPU.ActiveCfg = Debug|Any CPU
		{F253BA49-993B-4119-8226-A6C6DF0B556D}.Debug|Any CPU.Build.0 = Debug|Any CPU
		{F253BA49-993B-4119-8226-A6C6DF0B556D}.Debug|x64.ActiveCfg = Debug|Any CPU
		{F253BA49-993B-4119-8226-A6C6DF0B556D}.Debug|x64.Build.0 = Debug|Any CPU
		{F253BA49-993B-4119-8226-A6C6DF0B556D}.Release|Any CPU.ActiveCfg = Release|Any CPU
		{F253BA49-993B-4119-8226-A6C6DF0B556D}.Release|Any CPU.Build.0 = Release|Any CPU
		{F253BA49-993B-4119-8226-A6C6DF0B556D}.Release|x64.ActiveCfg = Release|Any CPU
		{F253BA49-993B-4119-8226-A6C6DF0B556D}.Release|x64.Build.0 = Release|Any CPU
		{4AD06BC1-F944-41E8-AAF8-3AA02642E18C}.Debug|Any CPU.ActiveCfg = Debug|Any CPU
		{4AD06BC1-F944-41E8-AAF8-3AA02642E18C}.Debug|Any CPU.Build.0 = Debug|Any CPU
		{4AD06BC1-F944-41E8-AAF8-3AA02642E18C}.Debug|x64.ActiveCfg = Debug|Any CPU
		{4AD06BC1-F944-41E8-AAF8-3AA02642E18C}.Debug|x64.Build.0 = Debug|Any CPU
		{4AD06BC1-F944-41E8-AAF8-3AA02642E18C}.Release|Any CPU.ActiveCfg = Release|Any CPU
		{4AD06BC1-F944-41E8-AAF8-3AA02642E18C}.Release|Any CPU.Build.0 = Release|Any CPU
		{4AD06BC1-F944-41E8-AAF8-3AA02642E18C}.Release|x64.ActiveCfg = Release|Any CPU
		{4AD06BC1-F944-41E8-AAF8-3AA02642E18C}.Release|x64.Build.0 = Release|Any CPU
		{8BE6ADD1-7347-412E-B974-02C5866E59A4}.Debug|Any CPU.ActiveCfg = Debug|Any CPU
		{8BE6ADD1-7347-412E-B974-02C5866E59A4}.Debug|Any CPU.Build.0 = Debug|Any CPU
		{8BE6ADD1-7347-412E-B974-02C5866E59A4}.Debug|x64.ActiveCfg = Debug|x64
		{8BE6ADD1-7347-412E-B974-02C5866E59A4}.Debug|x64.Build.0 = Debug|x64
		{8BE6ADD1-7347-412E-B974-02C5866E59A4}.Release|Any CPU.ActiveCfg = Release|Any CPU
		{8BE6ADD1-7347-412E-B974-02C5866E59A4}.Release|Any CPU.Build.0 = Release|Any CPU
		{8BE6ADD1-7347-412E-B974-02C5866E59A4}.Release|x64.ActiveCfg = Release|x64
		{8BE6ADD1-7347-412E-B974-02C5866E59A4}.Release|x64.Build.0 = Release|x64
		{55E449CF-B5AB-4405-8B64-2F1AB1346D90}.Debug|Any CPU.ActiveCfg = Debug|Any CPU
		{55E449CF-B5AB-4405-8B64-2F1AB1346D90}.Debug|Any CPU.Build.0 = Debug|Any CPU
		{55E449CF-B5AB-4405-8B64-2F1AB1346D90}.Debug|x64.ActiveCfg = Debug|Any CPU
		{55E449CF-B5AB-4405-8B64-2F1AB1346D90}.Debug|x64.Build.0 = Debug|Any CPU
		{55E449CF-B5AB-4405-8B64-2F1AB1346D90}.Release|Any CPU.ActiveCfg = Release|Any CPU
		{55E449CF-B5AB-4405-8B64-2F1AB1346D90}.Release|Any CPU.Build.0 = Release|Any CPU
		{55E449CF-B5AB-4405-8B64-2F1AB1346D90}.Release|x64.ActiveCfg = Release|Any CPU
		{55E449CF-B5AB-4405-8B64-2F1AB1346D90}.Release|x64.Build.0 = Release|Any CPU
		{CFC3DABB-CC74-4B7E-A434-B0F3DD621DE8}.Debug|Any CPU.ActiveCfg = Debug|Any CPU
		{CFC3DABB-CC74-4B7E-A434-B0F3DD621DE8}.Debug|Any CPU.Build.0 = Debug|Any CPU
		{CFC3DABB-CC74-4B7E-A434-B0F3DD621DE8}.Debug|x64.ActiveCfg = Debug|Any CPU
		{CFC3DABB-CC74-4B7E-A434-B0F3DD621DE8}.Debug|x64.Build.0 = Debug|Any CPU
		{CFC3DABB-CC74-4B7E-A434-B0F3DD621DE8}.Release|Any CPU.ActiveCfg = Release|Any CPU
		{CFC3DABB-CC74-4B7E-A434-B0F3DD621DE8}.Release|Any CPU.Build.0 = Release|Any CPU
		{CFC3DABB-CC74-4B7E-A434-B0F3DD621DE8}.Release|x64.ActiveCfg = Release|Any CPU
		{CFC3DABB-CC74-4B7E-A434-B0F3DD621DE8}.Release|x64.Build.0 = Release|Any CPU
	EndGlobalSection
	GlobalSection(SolutionProperties) = preSolution
		HideSolutionNode = FALSE
	EndGlobalSection
	GlobalSection(NestedProjects) = preSolution
		{44D2509D-D267-4416-92FB-FDE8381A3F46} = {9F0623CB-4463-40FE-874F-4A18D1871A91}
		{45A5E2D9-97E5-49FA-8066-9FEA4609A312} = {9F0623CB-4463-40FE-874F-4A18D1871A91}
		{BF9E9B6E-947E-40E3-956F-AE6A82D5C237} = {9F0623CB-4463-40FE-874F-4A18D1871A91}
		{F253BA49-993B-4119-8226-A6C6DF0B556D} = {9F0623CB-4463-40FE-874F-4A18D1871A91}
		{4AD06BC1-F944-41E8-AAF8-3AA02642E18C} = {9F0623CB-4463-40FE-874F-4A18D1871A91}
		{8BE6ADD1-7347-412E-B974-02C5866E59A4} = {96596E23-0DAC-46B7-AEE2-24F55C837AFF}
		{55E449CF-B5AB-4405-8B64-2F1AB1346D90} = {96596E23-0DAC-46B7-AEE2-24F55C837AFF}
		{CFC3DABB-CC74-4B7E-A434-B0F3DD621DE8} = {F82A6A7E-4551-4667-9E0A-57036E1B5117}
	EndGlobalSection
	GlobalSection(ExtensibilityGlobals) = postSolution
		SolutionGuid = {0B507B2E-EC45-4DDA-94DD-B7CD5A2B8CF3}
	EndGlobalSection
EndGlobal
